{
    "easycorp/easyadmin-bundle": {
        "version": "1.17",
        "recipe": {
            "repo": "github.com/symfony/recipes",
            "branch": "master",
            "version": "1.17",
            "ref": "66070ea553247b0cd5275e21d0fe5399a25f40be"
        },
        "files": [
            "config/packages/easy_admin.yaml",
            "config/routes/easy_admin.yaml"
        ]
    },
    "friendsofsymfony/oauth-server-bundle": {
        "version": "2.0-dev"
    },
    "friendsofsymfony/oauth2-php": {
        "version": "1.2.3"
    },
    "onurb/doctrine-metadata-grapher": {
        "version": "1.1.11"
    },
    "onurb/doctrine-yuml-bundle": {
        "version": "1.1",
        "recipe": {
            "repo": "github.com/symfony/recipes-contrib",
            "branch": "master",
            "version": "1.1",
            "ref": "81130d6607195660087a01442f30be1edad71804"
        },
        "files": [
            "config/routes/dev/yuml.yaml"
        ]
    },
    "pagerfanta/pagerfanta": {
        "version": "v2.1.2"
    },
    "symfony/cache-contracts": {
        "version": "v1.1.5"
    },
    "symfony/event-dispatcher-contracts": {
        "version": "v1.1.5"
    },
    "symfony/mime": {
        "version": "v4.3.2"
    },
    "symfony/polyfill-php73": {
        "version": "v1.11.0"
    },
    "symfony/security-core": {
        "version": "v4.2.8"
    },
    "symfony/security-csrf": {
        "version": "v4.2.8"
    },
    "symfony/security-guard": {
        "version": "v4.2.8"
    },
    "symfony/security-http": {
        "version": "v4.2.8"
    },
    "symfony/service-contracts": {
        "version": "v1.1.5"
    },
    "symfony/translation-contracts": {
        "version": "v1.1.5"
    },
    "symfony/var-exporter": {
        "version": "v4.2.8"
    },
    "twig/extensions": {
        "version": "1.0",
        "recipe": {
            "repo": "github.com/symfony/recipes",
            "branch": "master",
            "version": "1.0",
            "ref": "ddb2e0a77773b7fd75d8d649545f174e664500ab"
        },
        "files": [
            "config/packages/twig_extensions.yaml"
        ]
    }
}
